{
  "version": 1,
  "dependencies": {
    "net10.0": {
      "Endjin.RecommendedPractices.GitHub": {
        "type": "Direct",
        "requested": "[2.1.18, )",
        "resolved": "2.1.18",
        "contentHash": "5zdIpj3qn+hQKvpkJO77wW74S4w8UKE0l8oDIm6jq70X7O0iNfgD+0FzEKXIYM17JtqnVSVaBd4ZyuDxHqVnLg==",
        "dependencies": {
          "Endjin.RecommendedPractices": "2.1.18",
          "Microsoft.SourceLink.GitHub": "1.1.1"
        }
      },
      "Microsoft.Extensions.DependencyInjection": {
        "type": "Direct",
        "requested": "[10.0.9, )",
        "resolved": "10.0.9",
        "contentHash": "NijozhERJDIaJ4k5TSMy1jOi0cSC2HfkvRD/Sl+kGSSKgVbFnF4GxgtMN/MrzHB8D1JxIrD4xSer9Blh9v3axQ==",
        "dependencies": {
          "Microsoft.Extensions.DependencyInjection.Abstractions": "10.0.9"
        }
      },
      "Spectre.Console": {
        "type": "Direct",
        "requested": "[0.57.2, )",
        "resolved": "0.57.2",
        "contentHash": "wzsB+P9i6F9G+cFOJxRotCiQWNSzZVAMxi8YMiHlGXXU1JLMXGp7zSSqBMmROZS2bzpK5jk+Saa7Evp8HwqhKg==",
        "dependencies": {
          "Spectre.Console.Ansi": "0.57.2"
        }
      },
      "Spectre.Console.Json": {
        "type": "Direct",
        "requested": "[0.57.2, )",
        "resolved": "0.57.2",
        "contentHash": "UJ/jXZDdak3yTKDl4jeY7k1I5EdM2M3TODVHcWPTxMni9rS9sj5mbyJEGi4wtF65gxKH7qMZKWBUw2YRHy4BwA==",
        "dependencies": {
          "Spectre.Console": "0.57.2"
        }
      },
      "Corvus.Json.Serialization": {
        "type": "Transitive",
        "resolved": "2.0.0",
        "contentHash": "F4ltGxFJJ5Leg9F+wxuPXF1AhQNsN7fyPNXV5664icAseA/uo4M6NyHuUiQjw5FETn37i+MpnDlAPmPS8XR0ZA==",
        "dependencies": {
          "Microsoft.Extensions.DependencyInjection.Abstractions": "8.0.2"
        }
      },
      "Endjin.RecommendedPractices": {
        "type": "Transitive",
        "resolved": "2.1.18",
        "contentHash": "AAD5aVVKTdFYsMpdHft4Q4rPdLaBt/IG4K2ozmB0qkotXpIWBhNUDtguBZCkYvTt0o2UXS5fQDP3os86F03lpw==",
        "dependencies": {
          "Microsoft.Build.Tasks.Git": "1.1.1"
        }
      },
      "Microsoft.Build.Tasks.Git": {
        "type": "Transitive",
        "resolved": "1.1.1",
        "contentHash": "AT3HlgTjsqHnWpBHSNeR0KxbLZD7bztlZVj7I8vgeYG9SYqbeFGh0TM/KVtC6fg53nrWHl3VfZFvb5BiQFcY6Q=="
      },
      "Microsoft.Extensions.DependencyInjection.Abstractions": {
        "type": "Transitive",
        "resolved": "10.0.9",
        "contentHash": "g41l/30G3K4B/d/L8kjux0+30e27c8D0FVQ/PFCpbekgfDpj9mnDhieP67EqXWvl1EWNeZh2rpR4F5B/jcDOHA=="
      },
      "Microsoft.SourceLink.Common": {
        "type": "Transitive",
        "resolved": "1.1.1",
        "contentHash": "WMcGpWKrmJmzrNeuaEb23bEMnbtR/vLmvZtkAP5qWu7vQsY59GqfRJd65sFpBszbd2k/bQ8cs8eWawQKAabkVg=="
      },
      "Microsoft.SourceLink.GitHub": {
        "type": "Transitive",
        "resolved": "1.1.1",
        "contentHash": "IaJGnOv/M7UQjRJks7B6p7pbPnOwisYGOIzqCz5ilGFTApZ3ktOR+6zJ12ZRPInulBmdAf1SrGdDG2MU8g6XTw==",
        "dependencies": {
          "Microsoft.Build.Tasks.Git": "1.1.1",
          "Microsoft.SourceLink.Common": "1.1.1"
        }
      },
      "Spectre.Console.Ansi": {
        "type": "Transitive",
        "resolved": "0.57.2",
        "contentHash": "Y1+u73shwP+JYHmrkdN6bSt2kaGBEAafhi2nrecczbXdFRey+k7J/WF9YPfcB0rqivv2S8fmif6FSBq9m/AFvw=="
      },
      "corvus.contenthandling": {
        "type": "Project",
        "dependencies": {
          "Microsoft.Extensions.DependencyInjection.Abstractions": "[10.0.9, )"
        }
      },
      "corvus.contenthandling.json": {
        "type": "Project",
        "dependencies": {
          "Corvus.ContentHandling": "[1.0.0, )",
          "Corvus.Json.Serialization": "[2.0.0, )"
        }
      }
    }
  }
}